{
  "name": "openclaw-sms-gateway",
  "version": "0.1.0",
  "lockfileVersion": 3,
  "requires": true,
  "packages": {
    "": {
      "name": "openclaw-sms-gateway",
      "version": "0.1.0",
      "dependencies": {
        "@sinclair/typebox": "^0.34.0"
      },
      "devDependencies": {
        "typescript": "^5.0.0"
      }
    },
    "node_modules/@sinclair/typebox": {
      "version": "0.34.48",
      "resolved": "https://registry.npmjs.org/@sinclair/typebox/-/typebox-0.34.48.tgz",
      "integrity": "sha512-kKJTNuK3AQOrgjjotVxMrCn1sUJwM76wMszfq1kdU4uYVJjvEWuFQ6HgvLt4Xz3fSmZlTOxJ/Ie13KnIcWQXFA==",
      "license": "MIT"
    },
    "node_modules/typescript": {
      "version": "5.9.3",
      "resolved": "https://registry.npmjs.org/typescript/-/typescript-5.9.3.tgz",
      "integrity": "sha512-jl1vZzPDinLr9eUt3J/t7V6FgNEw9QjvBPdysz9KfQDD41fQrC2Y4vKQdiaUpFT4bXlb1RHhLpp8wtm6M5TgSw==",
      "dev": true,
      "license": "Apache-2.0",
      "bin": {
        "tsc": "bin/tsc",
        "tsserver": "bin/tsserver"
      },
      "engines": {
        "node": ">=14.17"
      }
    }
  }
}
